
Microsoft Visual Studio Solution File, Format Version 12.00
# Visual Studio 14
VisualStudioVersion = 14.0.24720.0
MinimumVisualStudioVersion = 10.0.40219.1
Project("{FAE04EC0-301F-11D3-BF4B-00C04F79EFBC}") = "Materials", "Materials\Materials.csproj", "{125A5DED-EAF2-48D5-8F25-AB08A5D31BC3}"
EndProject
Project("{FAE04EC0-301F-11D3-BF4B-00C04F79EFBC}") = "FrameSections", "FrameSections\FrameSections.csproj", "{9AEF3111-5D9F-4DBF-8AB1-4E48F5A8EB80}"
EndProject
Project("{FAE04EC0-301F-11D3-BF4B-00C04F79EFBC}") = "FiniteElements", "FiniteElements\FiniteElements.csproj", "{F735E4F9-D0C1-4AE7-982D-42E5424A5837}"
EndProject
Global
	GlobalSection(SolutionConfigurationPlatforms) = preSolution
		Debug|Any CPU = Debug|Any CPU
		Release|Any CPU = Release|Any CPU
	EndGlobalSection
	GlobalSection(ProjectConfigurationPlatforms) = postSolution
		{125A5DED-EAF2-48D5-8F25-AB08A5D31BC3}.Debug|Any CPU.ActiveCfg = Debug|Any CPU
		{125A5DED-EAF2-48D5-8F25-AB08A5D31BC3}.Debug|Any CPU.Build.0 = Debug|Any CPU
		{125A5DED-EAF2-48D5-8F25-AB08A5D31BC3}.Release|Any CPU.ActiveCfg = Release|Any CPU
		{125A5DED-EAF2-48D5-8F25-AB08A5D31BC3}.Release|Any CPU.Build.0 = Release|Any CPU
		{9AEF3111-5D9F-4DBF-8AB1-4E48F5A8EB80}.Debug|Any CPU.ActiveCfg = Debug|Any CPU
		{9AEF3111-5D9F-4DBF-8AB1-4E48F5A8EB80}.Debug|Any CPU.Build.0 = Debug|Any CPU
		{9AEF3111-5D9F-4DBF-8AB1-4E48F5A8EB80}.Release|Any CPU.ActiveCfg = Release|Any CPU
		{9AEF3111-5D9F-4DBF-8AB1-4E48F5A8EB80}.Release|Any CPU.Build.0 = Release|Any CPU
		{F735E4F9-D0C1-4AE7-982D-42E5424A5837}.Debug|Any CPU.ActiveCfg = Debug|Any CPU
		{F735E4F9-D0C1-4AE7-982D-42E5424A5837}.Debug|Any CPU.Build.0 = Debug|Any CPU
		{F735E4F9-D0C1-4AE7-982D-42E5424A5837}.Release|Any CPU.ActiveCfg = Release|Any CPU
		{F735E4F9-D0C1-4AE7-982D-42E5424A5837}.Release|Any CPU.Build.0 = Release|Any CPU
	EndGlobalSection
	GlobalSection(SolutionProperties) = preSolution
		HideSolutionNode = FALSE
	EndGlobalSection
EndGlobal
